
Microsoft Visual Studio Solution File, Format Version 12.00
# Visual Studio Version 17
VisualStudioVersion = 17.4.33122.133
MinimumVisualStudioVersion = 10.0.40219.1
Project("{9A19103F-16F7-4668-BE54-9A1E7A4F7556}") = "DZZ Seminar 2", "DZZ Seminar 2\DZZ Seminar 2.csproj", "{11799CA3-14E0-413F-9D0C-656232D8C98D}"
EndProject
Project("{FAE04EC0-301F-11D3-BF4B-00C04F79EFBC}") = "DZ Seninar 2 number 13", "DZ Seninar 2 number 13\DZ Seninar 2 number 13.csproj", "{8D28D916-5226-4E1E-A6D3-2214D0A37BAB}"
EndProject
Project("{FAE04EC0-301F-11D3-BF4B-00C04F79EFBC}") = "Dz seminar 2 number 13", "Dz seminar 2 number 13\Dz seminar 2 number 13.csproj", "{F6866767-53E6-47FE-9431-597AE2F4D90E}"
EndProject
Global
	GlobalSection(SolutionConfigurationPlatforms) = preSolution
		Debug|Any CPU = Debug|Any CPU
		Release|Any CPU = Release|Any CPU
	EndGlobalSection
	GlobalSection(ProjectConfigurationPlatforms) = postSolution
		{11799CA3-14E0-413F-9D0C-656232D8C98D}.Debug|Any CPU.ActiveCfg = Debug|Any CPU
		{11799CA3-14E0-413F-9D0C-656232D8C98D}.Debug|Any CPU.Build.0 = Debug|Any CPU
		{11799CA3-14E0-413F-9D0C-656232D8C98D}.Release|Any CPU.ActiveCfg = Release|Any CPU
		{11799CA3-14E0-413F-9D0C-656232D8C98D}.Release|Any CPU.Build.0 = Release|Any CPU
		{8D28D916-5226-4E1E-A6D3-2214D0A37BAB}.Debug|Any CPU.ActiveCfg = Debug|Any CPU
		{8D28D916-5226-4E1E-A6D3-2214D0A37BAB}.Debug|Any CPU.Build.0 = Debug|Any CPU
		{8D28D916-5226-4E1E-A6D3-2214D0A37BAB}.Release|Any CPU.ActiveCfg = Release|Any CPU
		{8D28D916-5226-4E1E-A6D3-2214D0A37BAB}.Release|Any CPU.Build.0 = Release|Any CPU
		{F6866767-53E6-47FE-9431-597AE2F4D90E}.Debug|Any CPU.ActiveCfg = Debug|Any CPU
		{F6866767-53E6-47FE-9431-597AE2F4D90E}.Debug|Any CPU.Build.0 = Debug|Any CPU
		{F6866767-53E6-47FE-9431-597AE2F4D90E}.Release|Any CPU.ActiveCfg = Release|Any CPU
		{F6866767-53E6-47FE-9431-597AE2F4D90E}.Release|Any CPU.Build.0 = Release|Any CPU
	EndGlobalSection
	GlobalSection(SolutionProperties) = preSolution
		HideSolutionNode = FALSE
	EndGlobalSection
	GlobalSection(ExtensibilityGlobals) = postSolution
		SolutionGuid = {3B9DD35B-6D92-43F9-A784-556ECBE6E943}
	EndGlobalSection
EndGlobal
